lockfileVersion: '9.0'

settings:
  autoInstallPeers: true
  excludeLinksFromLockfile: false

importers:

  .:
    dependencies:
      '@embedpdf/pdfium':
        specifier: 2.15.0
        version: 2.15.0

packages:

  '@embedpdf/pdfium@2.15.0':
    resolution: {integrity: sha512-KgpRND2MYcdbhzb2EMb4WzWcJYrR0A6JXvhMv4WthEHKt6qmNo2v/MC68bpYvpveYT9GNnUnY/+TG5MpXY3pRw==}

snapshots:

  '@embedpdf/pdfium@2.15.0': {}
